// !$*UTF8*$!
{
	archiveVersion = 1;
	classes = {
	};
	objectVersion = 56;
	objects = {

/* Begin PBXBuildFile section */
		02950F3329991BB70022676A /* AppDelegate.swift in Sources */ = {isa = PBXBuildFile; fileRef = 02950F3229991BB70022676A /* AppDelegate.swift */; };
		02950F3529991BB70022676A /* SceneDelegate.swift in Sources */ = {isa = PBXBuildFile; fileRef = 02950F3429991BB70022676A /* SceneDelegate.swift */; };
		02950F3729991BB70022676A /* WWDC21_AsyncAwaitViewController.swift in Sources */ = {isa = PBXBuildFile; fileRef = 02950F3629991BB70022676A /* WWDC21_AsyncAwaitViewController.swift */; };
		02950F3A29991BB70022676A /* Main.storyboard in Resources */ = {isa = PBXBuildFile; fileRef = 02950F3829991BB70022676A /* Main.storyboard */; };
		02950F3C29991BB90022676A /* Assets.xcassets in Resources */ = {isa = PBXBuildFile; fileRef = 02950F3B29991BB90022676A /* Assets.xcassets */; };
		02950F3F29991BB90022676A /* LaunchScreen.storyboard in Resources */ = {isa = PBXBuildFile; fileRef = 02950F3D29991BB90022676A /* LaunchScreen.storyboard */; };
		02950F4A29991BB90022676A /* AsyncAwaitStudyProjectTests.swift in Sources */ = {isa = PBXBuildFile; fileRef = 02950F4929991BB90022676A /* AsyncAwaitStudyProjectTests.swift */; };
		02950F5429991BB90022676A /* AsyncAwaitStudyProjectUITests.swift in Sources */ = {isa = PBXBuildFile; fileRef = 02950F5329991BB90022676A /* AsyncAwaitStudyProjectUITests.swift */; };
		02950F5629991BB90022676A /* AsyncAwaitStudyProjectUITestsLaunchTests.swift in Sources */ = {isa = PBXBuildFile; fileRef = 02950F5529991BB90022676A /* AsyncAwaitStudyProjectUITestsLaunchTests.swift */; };
		02950F63299A826C0022676A /* WWDC21_ConcurrentViewController.swift in Sources */ = {isa = PBXBuildFile; fileRef = 02950F62299A826C0022676A /* WWDC21_ConcurrentViewController.swift */; };
		02950F8A299E6FDE0022676A /* MainViewController.swift in Sources */ = {isa = PBXBuildFile; fileRef = 02950F89299E6FDE0022676A /* MainViewController.swift */; };
		02950F8C299E7AC20022676A /* MainViewModel.swift in Sources */ = {isa = PBXBuildFile; fileRef = 02950F8B299E7AC20022676A /* MainViewModel.swift */; };
		02950F8E299E7B230022676A /* APIService.swift in Sources */ = {isa = PBXBuildFile; fileRef = 02950F8D299E7B230022676A /* APIService.swift */; };
/* End PBXBuildFile section */

/* Begin PBXContainerItemProxy section */
		02950F4629991BB90022676A /* PBXContainerItemProxy */ = {
			isa = PBXContainerItemProxy;
			containerPortal = 02950F2729991BB70022676A /* Project object */;
			proxyType = 1;
			remoteGlobalIDString = 02950F2E29991BB70022676A;
			remoteInfo = AsyncAwaitStudyProject;
		};
		02950F5029991BB90022676A /* PBXContainerItemProxy */ = {
			isa = PBXContainerItemProxy;
			containerPortal = 02950F2729991BB70022676A /* Project object */;
			proxyType = 1;
			remoteGlobalIDString = 02950F2E29991BB70022676A;
			remoteInfo = AsyncAwaitStudyProject;
		};
/* End PBXContainerItemProxy section */

/* Begin PBXFileReference section */
		02950F2F29991BB70022676A /* AsyncAwaitStudyProject.app */ = {isa = PBXFileReference; explicitFileType = wrapper.application; includeInIndex = 0; path = AsyncAwaitStudyProject.app; sourceTree = BUILT_PRODUCTS_DIR; };
		02950F3229991BB70022676A /* AppDelegate.swift */ = {isa = PBXFileReference; lastKnownFileType = sourcecode.swift; path = AppDelegate.swift; sourceTree = "<group>"; };
		02950F3429991BB70022676A /* SceneDelegate.swift */ = {isa = PBXFileReference; lastKnownFileType = sourcecode.swift; path = SceneDelegate.swift; sourceTree = "<group>"; };
		02950F3629991BB70022676A /* WWDC21_AsyncAwaitViewController.swift */ = {isa = PBXFileReference; lastKnownFileType = sourcecode.swift; path = WWDC21_AsyncAwaitViewController.swift; sourceTree = "<group>"; };
		02950F3929991BB70022676A /* Base */ = {isa = PBXFileReference; lastKnownFileType = file.storyboard; name = Base; path = Base.lproj/Main.storyboard; sourceTree = "<group>"; };
		02950F3B29991BB90022676A /* Assets.xcassets */ = {isa = PBXFileReference; lastKnownFileType = folder.assetcatalog; path = Assets.xcassets; sourceTree = "<group>"; };
		02950F3E29991BB90022676A /* Base */ = {isa = PBXFileReference; lastKnownFileType = file.storyboard; name = Base; path = Base.lproj/LaunchScreen.storyboard; sourceTree = "<group>"; };
		02950F4029991BB90022676A /* Info.plist */ = {isa = PBXFileReference; lastKnownFileType = text.plist.xml; path = Info.plist; sourceTree = "<group>"; };
		02950F4529991BB90022676A /* AsyncAwaitStudyProjectTests.xctest */ = {isa = PBXFileReference; explicitFileType = wrapper.cfbundle; includeInIndex = 0; path = AsyncAwaitStudyProjectTests.xctest; sourceTree = BUILT_PRODUCTS_DIR; };
		02950F4929991BB90022676A /* AsyncAwaitStudyProjectTests.swift */ = {isa = PBXFileReference; lastKnownFileType = sourcecode.swift; path = AsyncAwaitStudyProjectTests.swift; sourceTree = "<group>"; };
		02950F4F29991BB90022676A /* AsyncAwaitStudyProjectUITests.xctest */ = {isa = PBXFileReference; explicitFileType = wrapper.cfbundle; includeInIndex = 0; path = AsyncAwaitStudyProjectUITests.xctest; sourceTree = BUILT_PRODUCTS_DIR; };
		02950F5329991BB90022676A /* AsyncAwaitStudyProjectUITests.swift */ = {isa = PBXFileReference; lastKnownFileType = sourcecode.swift; path = AsyncAwaitStudyProjectUITests.swift; sourceTree = "<group>"; };
		02950F5529991BB90022676A /* AsyncAwaitStudyProjectUITestsLaunchTests.swift */ = {isa = PBXFileReference; lastKnownFileType = sourcecode.swift; path = AsyncAwaitStudyProjectUITestsLaunchTests.swift; sourceTree = "<group>"; };
		02950F62299A826C0022676A /* WWDC21_ConcurrentViewController.swift */ = {isa = PBXFileReference; lastKnownFileType = sourcecode.swift; path = WWDC21_ConcurrentViewController.swift; sourceTree = "<group>"; };
		02950F89299E6FDE0022676A /* MainViewController.swift */ = {isa = PBXFileReference; lastKnownFileType = sourcecode.swift; path = MainViewController.swift; sourceTree = "<group>"; };
		02950F8B299E7AC20022676A /* MainViewModel.swift */ = {isa = PBXFileReference; lastKnownFileType = sourcecode.swift; path = MainViewModel.swift; sourceTree = "<group>"; };
		02950F8D299E7B230022676A /* APIService.swift */ = {isa = PBXFileReference; lastKnownFileType = sourcecode.swift; path = APIService.swift; sourceTree = "<group>"; };
/* End PBXFileReference section */

/* Begin PBXFrameworksBuildPhase section */
		02950F2C29991BB70022676A /* Frameworks */ = {
			isa = PBXFrameworksBuildPhase;
			buildActionMask = 2147483647;
			files = (
			);
			runOnlyForDeploymentPostprocessing = 0;
		};
		02950F4229991BB90022676A /* Frameworks */ = {
			isa = PBXFrameworksBuildPhase;
			buildActionMask = 2147483647;
			files = (
			);
			runOnlyForDeploymentPostprocessing = 0;
		};
		02950F4C29991BB90022676A /* Frameworks */ = {
			isa = PBXFrameworksBuildPhase;
			buildActionMask = 2147483647;
			files = (
			);
			runOnlyForDeploymentPostprocessing = 0;
		};
/* End PBXFrameworksBuildPhase section */

/* Begin PBXGroup section */
		02950F2629991BB70022676A = {
			isa = PBXGroup;
			children = (
				02950F3129991BB70022676A /* AsyncAwaitStudyProject */,
				02950F4829991BB90022676A /* AsyncAwaitStudyProjectTests */,
				02950F5229991BB90022676A /* AsyncAwaitStudyProjectUITests */,
				02950F3029991BB70022676A /* Products */,
			);
			sourceTree = "<group>";
		};
		02950F3029991BB70022676A /* Products */ = {
			isa = PBXGroup;
			children = (
				02950F2F29991BB70022676A /* AsyncAwaitStudyProject.app */,
				02950F4529991BB90022676A /* AsyncAwaitStudyProjectTests.xctest */,
				02950F4F29991BB90022676A /* AsyncAwaitStudyProjectUITests.xctest */,
			);
			name = Products;
			sourceTree = "<group>";
		};
		02950F3129991BB70022676A /* AsyncAwaitStudyProject */ = {
			isa = PBXGroup;
			children = (
				02950F88299E6EE80022676A /* WWDC */,
				02950F3229991BB70022676A /* AppDelegate.swift */,
				02950F3429991BB70022676A /* SceneDelegate.swift */,
				02950F3829991BB70022676A /* Main.storyboard */,
				02950F3B29991BB90022676A /* Assets.xcassets */,
				02950F3D29991BB90022676A /* LaunchScreen.storyboard */,
				02950F4029991BB90022676A /* Info.plist */,
				02950F89299E6FDE0022676A /* MainViewController.swift */,
				02950F8B299E7AC20022676A /* MainViewModel.swift */,
				02950F8D299E7B230022676A /* APIService.swift */,
			);
			path = AsyncAwaitStudyProject;
			sourceTree = "<group>";
		};
		02950F4829991BB90022676A /* AsyncAwaitStudyProjectTests */ = {
			isa = PBXGroup;
			children = (
				02950F4929991BB90022676A /* AsyncAwaitStudyProjectTests.swift */,
			);
			path = AsyncAwaitStudyProjectTests;
			sourceTree = "<group>";
		};
		02950F5229991BB90022676A /* AsyncAwaitStudyProjectUITests */ = {
			isa = PBXGroup;
			children = (
				02950F5329991BB90022676A /* AsyncAwaitStudyProjectUITests.swift */,
				02950F5529991BB90022676A /* AsyncAwaitStudyProjectUITestsLaunchTests.swift */,
			);
			path = AsyncAwaitStudyProjectUITests;
			sourceTree = "<group>";
		};
		02950F88299E6EE80022676A /* WWDC */ = {
			isa = PBXGroup;
			children = (
				02950F3629991BB70022676A /* WWDC21_AsyncAwaitViewController.swift */,
				02950F62299A826C0022676A /* WWDC21_ConcurrentViewController.swift */,
			);
			path = WWDC;
			sourceTree = "<group>";
		};
/* End PBXGroup section */

/* Begin PBXNativeTarget section */
		02950F2E29991BB70022676A /* AsyncAwaitStudyProject */ = {
			isa = PBXNativeTarget;
			buildConfigurationList = 02950F5929991BB90022676A /* Build configuration list for PBXNativeTarget "AsyncAwaitStudyProject" */;
			buildPhases = (
				02950F2B29991BB70022676A /* Sources */,
				02950F2C29991BB70022676A /* Frameworks */,
				02950F2D29991BB70022676A /* Resources */,
			);
			buildRules = (
			);
			dependencies = (
			);
			name = AsyncAwaitStudyProject;
			productName = AsyncAwaitStudyProject;
			productReference = 02950F2F29991BB70022676A /* AsyncAwaitStudyProject.app */;
			productType = "com.apple.product-type.application";
		};
		02950F4429991BB90022676A /* AsyncAwaitStudyProjectTests */ = {
			isa = PBXNativeTarget;
			buildConfigurationList = 02950F5C29991BB90022676A /* Build configuration list for PBXNativeTarget "AsyncAwaitStudyProjectTests" */;
			buildPhases = (
				02950F4129991BB90022676A /* Sources */,
				02950F4229991BB90022676A /* Frameworks */,
				02950F4329991BB90022676A /* Resources */,
			);
			buildRules = (
			);
			dependencies = (
				02950F4729991BB90022676A /* PBXTargetDependency */,
			);
			name = AsyncAwaitStudyProjectTests;
			productName = AsyncAwaitStudyProjectTests;
			productReference = 02950F4529991BB90022676A /* AsyncAwaitStudyProjectTests.xctest */;
			productType = "com.apple.product-type.bundle.unit-test";
		};
		02950F4E29991BB90022676A /* AsyncAwaitStudyProjectUITests */ = {
			isa = PBXNativeTarget;
			buildConfigurationList = 02950F5F29991BB90022676A /* Build configuration list for PBXNativeTarget "AsyncAwaitStudyProjectUITests" */;
			buildPhases = (
				02950F4B29991BB90022676A /* Sources */,
				02950F4C29991BB90022676A /* Frameworks */,
				02950F4D29991BB90022676A /* Resources */,
			);
			buildRules = (
			);
			dependencies = (
				02950F5129991BB90022676A /* PBXTargetDependency */,
			);
			name = AsyncAwaitStudyProjectUITests;
			productName = AsyncAwaitStudyProjectUITests;
			productReference = 02950F4F29991BB90022676A /* AsyncAwaitStudyProjectUITests.xctest */;
			productType = "com.apple.product-type.bundle.ui-testing";
		};
/* End PBXNativeTarget section */

/* Begin PBXProject section */
		02950F2729991BB70022676A /* Project object */ = {
			isa = PBXProject;
			attributes = {
				BuildIndependentTargetsInParallel = 1;
				LastSwiftUpdateCheck = 1400;
				LastUpgradeCheck = 1400;
				TargetAttributes = {
					02950F2E29991BB70022676A = {
						CreatedOnToolsVersion = 14.0.1;
					};
					02950F4429991BB90022676A = {
						CreatedOnToolsVersion = 14.0.1;
						TestTargetID = 02950F2E29991BB70022676A;
					};
					02950F4E29991BB90022676A = {
						CreatedOnToolsVersion = 14.0.1;
						TestTargetID = 02950F2E29991BB70022676A;
					};
				};
			};
			buildConfigurationList = 02950F2A29991BB70022676A /* Build configuration list for PBXProject "AsyncAwaitStudyProject" */;
			compatibilityVersion = "Xcode 14.0";
			developmentRegion = en;
			hasScannedForEncodings = 0;
			knownRegions = (
				en,
				Base,
			);
			mainGroup = 02950F2629991BB70022676A;
			productRefGroup = 02950F3029991BB70022676A /* Products */;
			projectDirPath = "";
			projectRoot = "";
			targets = (
				02950F2E29991BB70022676A /* AsyncAwaitStudyProject */,
				02950F4429991BB90022676A /* AsyncAwaitStudyProjectTests */,
				02950F4E29991BB90022676A /* AsyncAwaitStudyProjectUITests */,
			);
		};
/* End PBXProject section */

/* Begin PBXResourcesBuildPhase section */
		02950F2D29991BB70022676A /* Resources */ = {
			isa = PBXResourcesBuildPhase;
			buildActionMask = 2147483647;
			files = (
				02950F3F29991BB90022676A /* LaunchScreen.storyboard in Resources */,
				02950F3C29991BB90022676A /* Assets.xcassets in Resources */,
				02950F3A29991BB70022676A /* Main.storyboard in Resources */,
			);
			runOnlyForDeploymentPostprocessing = 0;
		};
		02950F4329991BB90022676A /* Resources */ = {
			isa = PBXResourcesBuildPhase;
			buildActionMask = 2147483647;
			files = (
			);
			runOnlyForDeploymentPostprocessing = 0;
		};
		02950F4D29991BB90022676A /* Resources */ = {
			isa = PBXResourcesBuildPhase;
			buildActionMask = 2147483647;
			files = (
			);
			runOnlyForDeploymentPostprocessing = 0;
		};
/* End PBXResourcesBuildPhase section */

/* Begin PBXSourcesBuildPhase section */
		02950F2B29991BB70022676A /* Sources */ = {
			isa = PBXSourcesBuildPhase;
			buildActionMask = 2147483647;
			files = (
				02950F3729991BB70022676A /* WWDC21_AsyncAwaitViewController.swift in Sources */,
				02950F8E299E7B230022676A /* APIService.swift in Sources */,
				02950F63299A826C0022676A /* WWDC21_ConcurrentViewController.swift in Sources */,
				02950F3329991BB70022676A /* AppDelegate.swift in Sources */,
				02950F3529991BB70022676A /* SceneDelegate.swift in Sources */,
				02950F8A299E6FDE0022676A /* MainViewController.swift in Sources */,
				02950F8C299E7AC20022676A /* MainViewModel.swift in Sources */,
			);
			runOnlyForDeploymentPostprocessing = 0;
		};
		02950F4129991BB90022676A /* Sources */ = {
			isa = PBXSourcesBuildPhase;
			buildActionMask = 2147483647;
			files = (
				02950F4A29991BB90022676A /* AsyncAwaitStudyProjectTests.swift in Sources */,
			);
			runOnlyForDeploymentPostprocessing = 0;
		};
		02950F4B29991BB90022676A /* Sources */ = {
			isa = PBXSourcesBuildPhase;
			buildActionMask = 2147483647;
			files = (
				02950F5629991BB90022676A /* AsyncAwaitStudyProjectUITestsLaunchTests.swift in Sources */,
				02950F5429991BB90022676A /* AsyncAwaitStudyProjectUITests.swift in Sources */,
			);
			runOnlyForDeploymentPostprocessing = 0;
		};
/* End PBXSourcesBuildPhase section */

/* Begin PBXTargetDependency section */
		02950F4729991BB90022676A /* PBXTargetDependency */ = {
			isa = PBXTargetDependency;
			target = 02950F2E29991BB70022676A /* AsyncAwaitStudyProject */;
			targetProxy = 02950F4629991BB90022676A /* PBXContainerItemProxy */;
		};
		02950F5129991BB90022676A /* PBXTargetDependency */ = {
			isa = PBXTargetDependency;
			target = 02950F2E29991BB70022676A /* AsyncAwaitStudyProject */;
			targetProxy = 02950F5029991BB90022676A /* PBXContainerItemProxy */;
		};
/* End PBXTargetDependency section */

/* Begin PBXVariantGroup section */
		02950F3829991BB70022676A /* Main.storyboard */ = {
			isa = PBXVariantGroup;
			children = (
				02950F3929991BB70022676A /* Base */,
			);
			name = Main.storyboard;
			sourceTree = "<group>";
		};
		02950F3D29991BB90022676A /* LaunchScreen.storyboard */ = {
			isa = PBXVariantGroup;
			children = (
				02950F3E29991BB90022676A /* Base */,
			);
			name = LaunchScreen.storyboard;
			sourceTree = "<group>";
		};
/* End PBXVariantGroup section */

/* Begin XCBuildConfiguration section */
		02950F5729991BB90022676A /* Debug */ = {
			isa = XCBuildConfiguration;
			buildSettings = {
				ALWAYS_SEARCH_USER_PATHS = NO;
				CLANG_ANALYZER_NONNULL = YES;
				CLANG_ANALYZER_NUMBER_OBJECT_CONVERSION = YES_AGGRESSIVE;
				CLANG_CXX_LANGUAGE_STANDARD = "gnu++20";
				CLANG_ENABLE_MODULES = YES;
				CLANG_ENABLE_OBJC_ARC = YES;
				CLANG_ENABLE_OBJC_WEAK = YES;
				CLANG_WARN_BLOCK_CAPTURE_AUTORELEASING = YES;
				CLANG_WARN_BOOL_CONVERSION = YES;
				CLANG_WARN_COMMA = YES;
				CLANG_WARN_CONSTANT_CONVERSION = YES;
				CLANG_WARN_DEPRECATED_OBJC_IMPLEMENTATIONS = YES;
				CLANG_WARN_DIRECT_OBJC_ISA_USAGE = YES_ERROR;
				CLANG_WARN_DOCUMENTATION_COMMENTS = YES;
				CLANG_WARN_EMPTY_BODY = YES;
				CLANG_WARN_ENUM_CONVERSION = YES;
				CLANG_WARN_INFINITE_RECURSION = YES;
				CLANG_WARN_INT_CONVERSION = YES;
				CLANG_WARN_NON_LITERAL_NULL_CONVERSION = YES;
				CLANG_WARN_OBJC_IMPLICIT_RETAIN_SELF = YES;
				CLANG_WARN_OBJC_LITERAL_CONVERSION = YES;
				CLANG_WARN_OBJC_ROOT_CLASS = YES_ERROR;
				CLANG_WARN_QUOTED_INCLUDE_IN_FRAMEWORK_HEADER = YES;
				CLANG_WARN_RANGE_LOOP_ANALYSIS = YES;
				CLANG_WARN_STRICT_PROTOTYPES = YES;
				CLANG_WARN_SUSPICIOUS_MOVE = YES;
				CLANG_WARN_UNGUARDED_AVAILABILITY = YES_AGGRESSIVE;
				CLANG_WARN_UNREACHABLE_CODE = YES;
				CLANG_WARN__DUPLICATE_METHOD_MATCH = YES;
				COPY_PHASE_STRIP = NO;
				DEBUG_INFORMATION_FORMAT = dwarf;
				ENABLE_STRICT_OBJC_MSGSEND = YES;
				ENABLE_TESTABILITY = YES;
				GCC_C_LANGUAGE_STANDARD = gnu11;
				GCC_DYNAMIC_NO_PIC = NO;
				GCC_NO_COMMON_BLOCKS = YES;
				GCC_OPTIMIZATION_LEVEL = 0;
				GCC_PREPROCESSOR_DEFINITIONS = (
					"DEBUG=1",
					"$(inherited)",
				);
				GCC_WARN_64_TO_32_BIT_CONVERSION = YES;
				GCC_WARN_ABOUT_RETURN_TYPE = YES_ERROR;
				GCC_WARN_UNDECLARED_SELECTOR = YES;
				GCC_WARN_UNINITIALIZED_AUTOS = YES_AGGRESSIVE;
				GCC_WARN_UNUSED_FUNCTION = YES;
				GCC_WARN_UNUSED_VARIABLE = YES;
				IPHONEOS_DEPLOYMENT_TARGET = 16.0;
				MTL_ENABLE_DEBUG_INFO = INCLUDE_SOURCE;
				MTL_FAST_MATH = YES;
				ONLY_ACTIVE_ARCH = YES;
				SDKROOT = iphoneos;
				SWIFT_ACTIVE_COMPILATION_CONDITIONS = DEBUG;
				SWIFT_OPTIMIZATION_LEVEL = "-Onone";
			};
			name = Debug;
		};
		02950F5829991BB90022676A /* Release */ = {
			isa = XCBuildConfiguration;
			buildSettings = {
				ALWAYS_SEARCH_USER_PATHS = NO;
				CLANG_ANALYZER_NONNULL = YES;
				CLANG_ANALYZER_NUMBER_OBJECT_CONVERSION = YES_AGGRESSIVE;
				CLANG_CXX_LANGUAGE_STANDARD = "gnu++20";
				CLANG_ENABLE_MODULES = YES;
				CLANG_ENABLE_OBJC_ARC = YES;
				CLANG_ENABLE_OBJC_WEAK = YES;
				CLANG_WARN_BLOCK_CAPTURE_AUTORELEASING = YES;
				CLANG_WARN_BOOL_CONVERSION = YES;
				CLANG_WARN_COMMA = YES;
				CLANG_WARN_CONSTANT_CONVERSION = YES;
				CLANG_WARN_DEPRECATED_OBJC_IMPLEMENTATIONS = YES;
				CLANG_WARN_DIRECT_OBJC_ISA_USAGE = YES_ERROR;
				CLANG_WARN_DOCUMENTATION_COMMENTS = YES;
				CLANG_WARN_EMPTY_BODY = YES;
				CLANG_WARN_ENUM_CONVERSION = YES;
				CLANG_WARN_INFINITE_RECURSION = YES;
				CLANG_WARN_INT_CONVERSION = YES;
				CLANG_WARN_NON_LITERAL_NULL_CONVERSION = YES;
				CLANG_WARN_OBJC_IMPLICIT_RETAIN_SELF = YES;
				CLANG_WARN_OBJC_LITERAL_CONVERSION = YES;
				CLANG_WARN_OBJC_ROOT_CLASS = YES_ERROR;
				CLANG_WARN_QUOTED_INCLUDE_IN_FRAMEWORK_HEADER = YES;
				CLANG_WARN_RANGE_LOOP_ANALYSIS = YES;
				CLANG_WARN_STRICT_PROTOTYPES = YES;
				CLANG_WARN_SUSPICIOUS_MOVE = YES;
				CLANG_WARN_UNGUARDED_AVAILABILITY = YES_AGGRESSIVE;
				CLANG_WARN_UNREACHABLE_CODE = YES;
				CLANG_WARN__DUPLICATE_METHOD_MATCH = YES;
				COPY_PHASE_STRIP = NO;
				DEBUG_INFORMATION_FORMAT = "dwarf-with-dsym";
				ENABLE_NS_ASSERTIONS = NO;
				ENABLE_STRICT_OBJC_MSGSEND = YES;
				GCC_C_LANGUAGE_STANDARD = gnu11;
				GCC_NO_COMMON_BLOCKS = YES;
				GCC_WARN_64_TO_32_BIT_CONVERSION = YES;
				GCC_WARN_ABOUT_RETURN_TYPE = YES_ERROR;
				GCC_WARN_UNDECLARED_SELECTOR = YES;
				GCC_WARN_UNINITIALIZED_AUTOS = YES_AGGRESSIVE;
				GCC_WARN_UNUSED_FUNCTION = YES;
				GCC_WARN_UNUSED_VARIABLE = YES;
				IPHONEOS_DEPLOYMENT_TARGET = 16.0;
				MTL_ENABLE_DEBUG_INFO = NO;
				MTL_FAST_MATH = YES;
				SDKROOT = iphoneos;
				SWIFT_COMPILATION_MODE = wholemodule;
				SWIFT_OPTIMIZATION_LEVEL = "-O";
				VALIDATE_PRODUCT = YES;
			};
			name = Release;
		};
		02950F5A29991BB90022676A /* Debug */ = {
			isa = XCBuildConfiguration;
			buildSettings = {
				ASSETCATALOG_COMPILER_APPICON_NAME = AppIcon;
				ASSETCATALOG_COMPILER_GLOBAL_ACCENT_COLOR_NAME = AccentColor;
				CODE_SIGN_STYLE = Automatic;
				CURRENT_PROJECT_VERSION = 1;
				DEVELOPMENT_TEAM = 8AN45VBDM4;
				GENERATE_INFOPLIST_FILE = YES;
				INFOPLIST_FILE = AsyncAwaitStudyProject/Info.plist;
				INFOPLIST_KEY_UIApplicationSupportsIndirectInputEvents = YES;
				INFOPLIST_KEY_UILaunchStoryboardName = LaunchScreen;
				INFOPLIST_KEY_UIMainStoryboardFile = Main;
				INFOPLIST_KEY_UISupportedInterfaceOrientations_iPad = "UIInterfaceOrientationPortrait UIInterfaceOrientationPortraitUpsideDown UIInterfaceOrientationLandscapeLeft UIInterfaceOrientationLandscapeRight";
				INFOPLIST_KEY_UISupportedInterfaceOrientations_iPhone = "UIInterfaceOrientationPortrait UIInterfaceOrientationLandscapeLeft UIInterfaceOrientationLandscapeRight";
				LD_RUNPATH_SEARCH_PATHS = (
					"$(inherited)",
					"@executable_path/Frameworks",
				);
				MARKETING_VERSION = 1.0;
				PRODUCT_BUNDLE_IDENTIFIER = hyunndyiOS.AsyncAwaitStudyProject;
				PRODUCT_NAME = "$(TARGET_NAME)";
				SWIFT_EMIT_LOC_STRINGS = YES;
				SWIFT_VERSION = 5.0;
				TARGETED_DEVICE_FAMILY = "1,2";
			};
			name = Debug;
		};
		02950F5B29991BB90022676A /* Release */ = {
			isa = XCBuildConfiguration;
			buildSettings = {
				ASSETCATALOG_COMPILER_APPICON_NAME = AppIcon;
				ASSETCATALOG_COMPILER_GLOBAL_ACCENT_COLOR_NAME = AccentColor;
				CODE_SIGN_STYLE = Automatic;
				CURRENT_PROJECT_VERSION = 1;
				DEVELOPMENT_TEAM = 8AN45VBDM4;
				GENERATE_INFOPLIST_FILE = YES;
				INFOPLIST_FILE = AsyncAwaitStudyProject/Info.plist;
				INFOPLIST_KEY_UIApplicationSupportsIndirectInputEvents = YES;
				INFOPLIST_KEY_UILaunchStoryboardName = LaunchScreen;
				INFOPLIST_KEY_UIMainStoryboardFile = Main;
				INFOPLIST_KEY_UISupportedInterfaceOrientations_iPad = "UIInterfaceOrientationPortrait UIInterfaceOrientationPortraitUpsideDown UIInterfaceOrientationLandscapeLeft UIInterfaceOrientationLandscapeRight";
				INFOPLIST_KEY_UISupportedInterfaceOrientations_iPhone = "UIInterfaceOrientationPortrait UIInterfaceOrientationLandscapeLeft UIInterfaceOrientationLandscapeRight";
				LD_RUNPATH_SEARCH_PATHS = (
					"$(inherited)",
					"@executable_path/Frameworks",
				);
				MARKETING_VERSION = 1.0;
				PRODUCT_BUNDLE_IDENTIFIER = hyunndyiOS.AsyncAwaitStudyProject;
				PRODUCT_NAME = "$(TARGET_NAME)";
				SWIFT_EMIT_LOC_STRINGS = YES;
				SWIFT_VERSION = 5.0;
				TARGETED_DEVICE_FAMILY = "1,2";
			};
			name = Release;
		};
		02950F5D29991BB90022676A /* Debug */ = {
			isa = XCBuildConfiguration;
			buildSettings = {
				ALWAYS_EMBED_SWIFT_STANDARD_LIBRARIES = YES;
				BUNDLE_LOADER = "$(TEST_HOST)";
				CODE_SIGN_STYLE = Automatic;
				CURRENT_PROJECT_VERSION = 1;
				DEVELOPMENT_TEAM = 8AN45VBDM4;
				GENERATE_INFOPLIST_FILE = YES;
				IPHONEOS_DEPLOYMENT_TARGET = 16.0;
				MARKETING_VERSION = 1.0;
				PRODUCT_BUNDLE_IDENTIFIER = hyunndyiOS.AsyncAwaitStudyProjectTests;
				PRODUCT_NAME = "$(TARGET_NAME)";
				SWIFT_EMIT_LOC_STRINGS = NO;
				SWIFT_VERSION = 5.0;
				TARGETED_DEVICE_FAMILY = "1,2";
				TEST_HOST = "$(BUILT_PRODUCTS_DIR)/AsyncAwaitStudyProject.app/$(BUNDLE_EXECUTABLE_FOLDER_PATH)/AsyncAwaitStudyProject";
			};
			name = Debug;
		};
		02950F5E29991BB90022676A /* Release */ = {
			isa = XCBuildConfiguration;
			buildSettings = {
				ALWAYS_EMBED_SWIFT_STANDARD_LIBRARIES = YES;
				BUNDLE_LOADER = "$(TEST_HOST)";
				CODE_SIGN_STYLE = Automatic;
				CURRENT_PROJECT_VERSION = 1;
				DEVELOPMENT_TEAM = 8AN45VBDM4;
				GENERATE_INFOPLIST_FILE = YES;
				IPHONEOS_DEPLOYMENT_TARGET = 16.0;
				MARKETING_VERSION = 1.0;
				PRODUCT_BUNDLE_IDENTIFIER = hyunndyiOS.AsyncAwaitStudyProjectTests;
				PRODUCT_NAME = "$(TARGET_NAME)";
				SWIFT_EMIT_LOC_STRINGS = NO;
				SWIFT_VERSION = 5.0;
				TARGETED_DEVICE_FAMILY = "1,2";
				TEST_HOST = "$(BUILT_PRODUCTS_DIR)/AsyncAwaitStudyProject.app/$(BUNDLE_EXECUTABLE_FOLDER_PATH)/AsyncAwaitStudyProject";
			};
			name = Release;
		};
		02950F6029991BB90022676A /* Debug */ = {
			isa = XCBuildConfiguration;
			buildSettings = {
				ALWAYS_EMBED_SWIFT_STANDARD_LIBRARIES = YES;
				CODE_SIGN_STYLE = Automatic;
				CURRENT_PROJECT_VERSION = 1;
				DEVELOPMENT_TEAM = 8AN45VBDM4;
				GENERATE_INFOPLIST_FILE = YES;
				MARKETING_VERSION = 1.0;
				PRODUCT_BUNDLE_IDENTIFIER = hyunndyiOS.AsyncAwaitStudyProjectUITests;
				PRODUCT_NAME = "$(TARGET_NAME)";
				SWIFT_EMIT_LOC_STRINGS = NO;
				SWIFT_VERSION = 5.0;
				TARGETED_DEVICE_FAMILY = "1,2";
				TEST_TARGET_NAME = AsyncAwaitStudyProject;
			};
			name = Debug;
		};
		02950F6129991BB90022676A /* Release */ = {
			isa = XCBuildConfiguration;
			buildSettings = {
				ALWAYS_EMBED_SWIFT_STANDARD_LIBRARIES = YES;
				CODE_SIGN_STYLE = Automatic;
				CURRENT_PROJECT_VERSION = 1;
				DEVELOPMENT_TEAM = 8AN45VBDM4;
				GENERATE_INFOPLIST_FILE = YES;
				MARKETING_VERSION = 1.0;
				PRODUCT_BUNDLE_IDENTIFIER = hyunndyiOS.AsyncAwaitStudyProjectUITests;
				PRODUCT_NAME = "$(TARGET_NAME)";
				SWIFT_EMIT_LOC_STRINGS = NO;
				SWIFT_VERSION = 5.0;
				TARGETED_DEVICE_FAMILY = "1,2";
				TEST_TARGET_NAME = AsyncAwaitStudyProject;
			};
			name = Release;
		};
/* End XCBuildConfiguration section */

/* Begin XCConfigurationList section */
		02950F2A29991BB70022676A /* Build configuration list for PBXProject "AsyncAwaitStudyProject" */ = {
			isa = XCConfigurationList;
			buildConfigurations = (
				02950F5729991BB90022676A /* Debug */,
				02950F5829991BB90022676A /* Release */,
			);
			defaultConfigurationIsVisible = 0;
			defaultConfigurationName = Release;
		};
		02950F5929991BB90022676A /* Build configuration list for PBXNativeTarget "AsyncAwaitStudyProject" */ = {
			isa = XCConfigurationList;
			buildConfigurations = (
				02950F5A29991BB90022676A /* Debug */,
				02950F5B29991BB90022676A /* Release */,
			);
			defaultConfigurationIsVisible = 0;
			defaultConfigurationName = Release;
		};
		02950F5C29991BB90022676A /* Build configuration list for PBXNativeTarget "AsyncAwaitStudyProjectTests" */ = {
			isa = XCConfigurationList;
			buildConfigurations = (
				02950F5D29991BB90022676A /* Debug */,
				02950F5E29991BB90022676A /* Release */,
			);
			defaultConfigurationIsVisible = 0;
			defaultConfigurationName = Release;
		};
		02950F5F29991BB90022676A /* Build configuration list for PBXNativeTarget "AsyncAwaitStudyProjectUITests" */ = {
			isa = XCConfigurationList;
			buildConfigurations = (
				02950F6029991BB90022676A /* Debug */,
				02950F6129991BB90022676A /* Release */,
			);
			defaultConfigurationIsVisible = 0;
			defaultConfigurationName = Release;
		};
/* End XCConfigurationList section */
	};
	rootObject = 02950F2729991BB70022676A /* Project object */;
}
